
Microsoft Visual Studio Solution File, Format Version 12.00
# Visual Studio Version 17
VisualStudioVersion = 17.3.32825.248
MinimumVisualStudioVersion = 10.0.40219.1
Project("{FAE04EC0-301F-11D3-BF4B-00C04F79EFBC}") = "HotelBooking_Selenium_nUnit", "HotelBooking_Selenium_nUnit.csproj", "{C7B491EB-E483-4371-92ED-140063F77BFC}"
EndProject
Global
	GlobalSection(SolutionConfigurationPlatforms) = preSolution
		Debug|Any CPU = Debug|Any CPU
		Release|Any CPU = Release|Any CPU
	EndGlobalSection
	GlobalSection(ProjectConfigurationPlatforms) = postSolution
		{C7B491EB-E483-4371-92ED-140063F77BFC}.Debug|Any CPU.ActiveCfg = Debug|Any CPU
		{C7B491EB-E483-4371-92ED-140063F77BFC}.Debug|Any CPU.Build.0 = Debug|Any CPU
		{C7B491EB-E483-4371-92ED-140063F77BFC}.Release|Any CPU.ActiveCfg = Release|Any CPU
		{C7B491EB-E483-4371-92ED-140063F77BFC}.Release|Any CPU.Build.0 = Release|Any CPU
	EndGlobalSection
	GlobalSection(SolutionProperties) = preSolution
		HideSolutionNode = FALSE
	EndGlobalSection
	GlobalSection(ExtensibilityGlobals) = postSolution
		SolutionGuid = {E2CD3D33-37FE-427C-A0B2-B81BF13B3176}
	EndGlobalSection
EndGlobal
